
Microsoft Visual Studio Solution File, Format Version 12.00
# Visual Studio Version 16
VisualStudioVersion = 16.0.33423.256
MinimumVisualStudioVersion = 10.0.40219.1
Project("{8BC9CEB8-8B4A-11D0-8D11-00A0C91BC942}") = "test", "Sf3 Animation Tool\test.vcxproj", "{A63905D5-92E9-42D9-982F-6A1218FA7977}"
EndProject
Global
	GlobalSection(SolutionConfigurationPlatforms) = preSolution
		Debug|x64 = Debug|x64
		Debug|x86 = Debug|x86
		Release|x64 = Release|x64
		Release|x86 = Release|x86
	EndGlobalSection
	GlobalSection(ProjectConfigurationPlatforms) = postSolution
		{A63905D5-92E9-42D9-982F-6A1218FA7977}.Debug|x64.ActiveCfg = Debug|x64
		{A63905D5-92E9-42D9-982F-6A1218FA7977}.Debug|x64.Build.0 = Debug|x64
		{A63905D5-92E9-42D9-982F-6A1218FA7977}.Debug|x86.ActiveCfg = Debug|Win32
		{A63905D5-92E9-42D9-982F-6A1218FA7977}.Debug|x86.Build.0 = Debug|Win32
		{A63905D5-92E9-42D9-982F-6A1218FA7977}.Release|x64.ActiveCfg = Release|x64
		{A63905D5-92E9-42D9-982F-6A1218FA7977}.Release|x64.Build.0 = Release|x64
		{A63905D5-92E9-42D9-982F-6A1218FA7977}.Release|x86.ActiveCfg = Release|Win32
		{A63905D5-92E9-42D9-982F-6A1218FA7977}.Release|x86.Build.0 = Release|Win32
	EndGlobalSection
	GlobalSection(SolutionProperties) = preSolution
		HideSolutionNode = FALSE
	EndGlobalSection
	GlobalSection(ExtensibilityGlobals) = postSolution
		SolutionGuid = {A6BF59A1-8AAC-4D4E-B358-B9021E7898EA}
	EndGlobalSection
EndGlobal
